
Microsoft Visual Studio Solution File, Format Version 12.00
# Visual Studio 2013
VisualStudioVersion = 12.0.40629.0
MinimumVisualStudioVersion = 10.0.40219.1
Project("{FAE04EC0-301F-11D3-BF4B-00C04F79EFBC}") = "TestFirebaseDatabase", "TestFirebaseDatabase.csproj", "{F5E65FF4-67A5-4258-890B-91D1C7140B65}"
EndProject
Global
	GlobalSection(SolutionConfigurationPlatforms) = preSolution
		Debug|Any CPU = Debug|Any CPU
		Release|Any CPU = Release|Any CPU
	EndGlobalSection
	GlobalSection(ProjectConfigurationPlatforms) = postSolution
		{F5E65FF4-67A5-4258-890B-91D1C7140B65}.Debug|Any CPU.ActiveCfg = Debug|Any CPU
		{F5E65FF4-67A5-4258-890B-91D1C7140B65}.Debug|Any CPU.Build.0 = Debug|Any CPU
		{F5E65FF4-67A5-4258-890B-91D1C7140B65}.Release|Any CPU.ActiveCfg = Release|Any CPU
		{F5E65FF4-67A5-4258-890B-91D1C7140B65}.Release|Any CPU.Build.0 = Release|Any CPU
	EndGlobalSection
	GlobalSection(SolutionProperties) = preSolution
		HideSolutionNode = FALSE
	EndGlobalSection
EndGlobal
